
Microsoft Visual Studio Solution File, Format Version 12.00
# Visual Studio Version 16
VisualStudioVersion = 16.0.29728.190
MinimumVisualStudioVersion = 10.0.40219.1
Project("{FAE04EC0-301F-11D3-BF4B-00C04F79EFBC}") = "POS_project", "POS_project.csproj", "{BA6F469C-DBD2-4653-A7DE-DD0FD2F823CA}"
EndProject
Global
	GlobalSection(SolutionConfigurationPlatforms) = preSolution
		Debug|Any CPU = Debug|Any CPU
		Release|Any CPU = Release|Any CPU
	EndGlobalSection
	GlobalSection(ProjectConfigurationPlatforms) = postSolution
		{BA6F469C-DBD2-4653-A7DE-DD0FD2F823CA}.Debug|Any CPU.ActiveCfg = Debug|Any CPU
		{BA6F469C-DBD2-4653-A7DE-DD0FD2F823CA}.Debug|Any CPU.Build.0 = Debug|Any CPU
		{BA6F469C-DBD2-4653-A7DE-DD0FD2F823CA}.Release|Any CPU.ActiveCfg = Release|Any CPU
		{BA6F469C-DBD2-4653-A7DE-DD0FD2F823CA}.Release|Any CPU.Build.0 = Release|Any CPU
	EndGlobalSection
	GlobalSection(SolutionProperties) = preSolution
		HideSolutionNode = FALSE
	EndGlobalSection
	GlobalSection(ExtensibilityGlobals) = postSolution
		SolutionGuid = {B392724F-BC3C-4C94-BF98-B908B4C3AFEB}
	EndGlobalSection
EndGlobal
